// !$*UTF8*$!
{
	archiveVersion = 1;
	classes = {
	};
	objectVersion = 48;
	objects = {

/* Begin PBXBuildFile section */
		2F30AA5C202B3EB9005B64B9 /* AppDelegate.swift in Sources */ = {isa = PBXBuildFile; fileRef = 2F30AA5B202B3EB9005B64B9 /* AppDelegate.swift */; };
		2F30AA5E202B3EB9005B64B9 /* RecordSound.swift in Sources */ = {isa = PBXBuildFile; fileRef = 2F30AA5D202B3EB9005B64B9 /* RecordSound.swift */; };
		2F30AA61202B3EB9005B64B9 /* Main.storyboard in Resources */ = {isa = PBXBuildFile; fileRef = 2F30AA5F202B3EB9005B64B9 /* Main.storyboard */; };
		2F30AA63202B3EB9005B64B9 /* Assets.xcassets in Resources */ = {isa = PBXBuildFile; fileRef = 2F30AA62202B3EB9005B64B9 /* Assets.xcassets */; };
		2F30AA66202B3EB9005B64B9 /* LaunchScreen.storyboard in Resources */ = {isa = PBXBuildFile; fileRef = 2F30AA64202B3EB9005B64B9 /* LaunchScreen.storyboard */; };
		2F30AA6E202B5642005B64B9 /* PlaySoundsViewController.swift in Sources */ = {isa = PBXBuildFile; fileRef = 2F30AA6D202B5642005B64B9 /* PlaySoundsViewController.swift */; };
		2F30AA70202B6463005B64B9 /* ExtraPlaySoundsViewController.swift in Sources */ = {isa = PBXBuildFile; fileRef = 2F30AA6F202B6463005B64B9 /* ExtraPlaySoundsViewController.swift */; };
/* End PBXBuildFile section */

/* Begin PBXFileReference section */
		2F30AA58202B3EB8005B64B9 /* Pitch Perfect IOS.app */ = {isa = PBXFileReference; explicitFileType = wrapper.application; includeInIndex = 0; path = "Pitch Perfect IOS.app"; sourceTree = BUILT_PRODUCTS_DIR; };
		2F30AA5B202B3EB9005B64B9 /* AppDelegate.swift */ = {isa = PBXFileReference; lastKnownFileType = sourcecode.swift; path = AppDelegate.swift; sourceTree = "<group>"; };
		2F30AA5D202B3EB9005B64B9 /* RecordSound.swift */ = {isa = PBXFileReference; lastKnownFileType = sourcecode.swift; path = RecordSound.swift; sourceTree = "<group>"; };
		2F30AA60202B3EB9005B64B9 /* Base */ = {isa = PBXFileReference; lastKnownFileType = file.storyboard; name = Base; path = Base.lproj/Main.storyboard; sourceTree = "<group>"; };
		2F30AA62202B3EB9005B64B9 /* Assets.xcassets */ = {isa = PBXFileReference; lastKnownFileType = folder.assetcatalog; path = Assets.xcassets; sourceTree = "<group>"; };
		2F30AA65202B3EB9005B64B9 /* Base */ = {isa = PBXFileReference; lastKnownFileType = file.storyboard; name = Base; path = Base.lproj/LaunchScreen.storyboard; sourceTree = "<group>"; };
		2F30AA67202B3EB9005B64B9 /* Info.plist */ = {isa = PBXFileReference; lastKnownFileType = text.plist.xml; path = Info.plist; sourceTree = "<group>"; };
		2F30AA6D202B5642005B64B9 /* PlaySoundsViewController.swift */ = {isa = PBXFileReference; lastKnownFileType = sourcecode.swift; path = PlaySoundsViewController.swift; sourceTree = "<group>"; };
		2F30AA6F202B6463005B64B9 /* ExtraPlaySoundsViewController.swift */ = {isa = PBXFileReference; lastKnownFileType = sourcecode.swift; path = ExtraPlaySoundsViewController.swift; sourceTree = "<group>"; };
/* End PBXFileReference section */

/* Begin PBXFrameworksBuildPhase section */
		2F30AA55202B3EB8005B64B9 /* Frameworks */ = {
			isa = PBXFrameworksBuildPhase;
			buildActionMask = 2147483647;
			files = (
			);
			runOnlyForDeploymentPostprocessing = 0;
		};
/* End PBXFrameworksBuildPhase section */

/* Begin PBXGroup section */
		2F30AA4F202B3EB8005B64B9 = {
			isa = PBXGroup;
			children = (
				2F30AA5A202B3EB8005B64B9 /* Pitch Perfect IOS */,
				2F30AA59202B3EB8005B64B9 /* Products */,
			);
			sourceTree = "<group>";
		};
		2F30AA59202B3EB8005B64B9 /* Products */ = {
			isa = PBXGroup;
			children = (
				2F30AA58202B3EB8005B64B9 /* Pitch Perfect IOS.app */,
			);
			name = Products;
			sourceTree = "<group>";
		};
		2F30AA5A202B3EB8005B64B9 /* Pitch Perfect IOS */ = {
			isa = PBXGroup;
			children = (
				2F30AA5B202B3EB9005B64B9 /* AppDelegate.swift */,
				2F30AA5D202B3EB9005B64B9 /* RecordSound.swift */,
				2F30AA6D202B5642005B64B9 /* PlaySoundsViewController.swift */,
				2F30AA6F202B6463005B64B9 /* ExtraPlaySoundsViewController.swift */,
				2F30AA5F202B3EB9005B64B9 /* Main.storyboard */,
				2F30AA62202B3EB9005B64B9 /* Assets.xcassets */,
				2F30AA64202B3EB9005B64B9 /* LaunchScreen.storyboard */,
				2F30AA67202B3EB9005B64B9 /* Info.plist */,
			);
			path = "Pitch Perfect IOS";
			sourceTree = "<group>";
		};
/* End PBXGroup section */

/* Begin PBXNativeTarget section */
		2F30AA57202B3EB8005B64B9 /* Pitch Perfect IOS */ = {
			isa = PBXNativeTarget;
			buildConfigurationList = 2F30AA6A202B3EB9005B64B9 /* Build configuration list for PBXNativeTarget "Pitch Perfect IOS" */;
			buildPhases = (
				2F30AA54202B3EB8005B64B9 /* Sources */,
				2F30AA55202B3EB8005B64B9 /* Frameworks */,
				2F30AA56202B3EB8005B64B9 /* Resources */,
			);
			buildRules = (
			);
			dependencies = (
			);
			name = "Pitch Perfect IOS";
			productName = "Pitch Perfect IOS";
			productReference = 2F30AA58202B3EB8005B64B9 /* Pitch Perfect IOS.app */;
			productType = "com.apple.product-type.application";
		};
/* End PBXNativeTarget section */

/* Begin PBXProject section */
		2F30AA50202B3EB8005B64B9 /* Project object */ = {
			isa = PBXProject;
			attributes = {
				LastSwiftUpdateCheck = 0920;
				LastUpgradeCheck = 0920;
				ORGANIZATIONNAME = "RTS Production";
				TargetAttributes = {
					2F30AA57202B3EB8005B64B9 = {
						CreatedOnToolsVersion = 9.2;
						ProvisioningStyle = Automatic;
					};
				};
			};
			buildConfigurationList = 2F30AA53202B3EB8005B64B9 /* Build configuration list for PBXProject "Pitch Perfect IOS" */;
			compatibilityVersion = "Xcode 8.0";
			developmentRegion = en;
			hasScannedForEncodings = 0;
			knownRegions = (
				en,
				Base,
			);
			mainGroup = 2F30AA4F202B3EB8005B64B9;
			productRefGroup = 2F30AA59202B3EB8005B64B9 /* Products */;
			projectDirPath = "";
			projectRoot = "";
			targets = (
				2F30AA57202B3EB8005B64B9 /* Pitch Perfect IOS */,
			);
		};
/* End PBXProject section */

/* Begin PBXResourcesBuildPhase section */
		2F30AA56202B3EB8005B64B9 /* Resources */ = {
			isa = PBXResourcesBuildPhase;
			buildActionMask = 2147483647;
			files = (
				2F30AA66202B3EB9005B64B9 /* LaunchScreen.storyboard in Resources */,
				2F30AA63202B3EB9005B64B9 /* Assets.xcassets in Resources */,
				2F30AA61202B3EB9005B64B9 /* Main.storyboard in Resources */,
			);
			runOnlyForDeploymentPostprocessing = 0;
		};
/* End PBXResourcesBuildPhase section */

/* Begin PBXSourcesBuildPhase section */
		2F30AA54202B3EB8005B64B9 /* Sources */ = {
			isa = PBXSourcesBuildPhase;
			buildActionMask = 2147483647;
			files = (
				2F30AA5E202B3EB9005B64B9 /* RecordSound.swift in Sources */,
				2F30AA6E202B5642005B64B9 /* PlaySoundsViewController.swift in Sources */,
				2F30AA5C202B3EB9005B64B9 /* AppDelegate.swift in Sources */,
				2F30AA70202B6463005B64B9 /* ExtraPlaySoundsViewController.swift in Sources */,
			);
			runOnlyForDeploymentPostprocessing = 0;
		};
/* End PBXSourcesBuildPhase section */

/* Begin PBXVariantGroup section */
		2F30AA5F202B3EB9005B64B9 /* Main.storyboard */ = {
			isa = PBXVariantGroup;
			children = (
				2F30AA60202B3EB9005B64B9 /* Base */,
			);
			name = Main.storyboard;
			sourceTree = "<group>";
		};
		2F30AA64202B3EB9005B64B9 /* LaunchScreen.storyboard */ = {
			isa = PBXVariantGroup;
			children = (
				2F30AA65202B3EB9005B64B9 /* Base */,
			);
			name = LaunchScreen.storyboard;
			sourceTree = "<group>";
		};
/* End PBXVariantGroup section */

/* Begin XCBuildConfiguration section */
		2F30AA68202B3EB9005B64B9 /* Debug */ = {
			isa = XCBuildConfiguration;
			buildSettings = {
				ALWAYS_SEARCH_USER_PATHS = NO;
				CLANG_ANALYZER_NONNULL = YES;
				CLANG_ANALYZER_NUMBER_OBJECT_CONVERSION = YES_AGGRESSIVE;
				CLANG_CXX_LANGUAGE_STANDARD = "gnu++14";
				CLANG_CXX_LIBRARY = "libc++";
				CLANG_ENABLE_MODULES = YES;
				CLANG_ENABLE_OBJC_ARC = YES;
				CLANG_WARN_BLOCK_CAPTURE_AUTORELEASING = YES;
				CLANG_WARN_BOOL_CONVERSION = YES;
				CLANG_WARN_COMMA = YES;
				CLANG_WARN_CONSTANT_CONVERSION = YES;
				CLANG_WARN_DIRECT_OBJC_ISA_USAGE = YES_ERROR;
				CLANG_WARN_DOCUMENTATION_COMMENTS = YES;
				CLANG_WARN_EMPTY_BODY = YES;
				CLANG_WARN_ENUM_CONVERSION = YES;
				CLANG_WARN_INFINITE_RECURSION = YES;
				CLANG_WARN_INT_CONVERSION = YES;
				CLANG_WARN_NON_LITERAL_NULL_CONVERSION = YES;
				CLANG_WARN_OBJC_LITERAL_CONVERSION = YES;
				CLANG_WARN_OBJC_ROOT_CLASS = YES_ERROR;
				CLANG_WARN_RANGE_LOOP_ANALYSIS = YES;
				CLANG_WARN_STRICT_PROTOTYPES = YES;
				CLANG_WARN_SUSPICIOUS_MOVE = YES;
				CLANG_WARN_UNGUARDED_AVAILABILITY = YES_AGGRESSIVE;
				CLANG_WARN_UNREACHABLE_CODE = YES;
				CLANG_WARN__DUPLICATE_METHOD_MATCH = YES;
				CODE_SIGN_IDENTITY = "iPhone Developer";
				COPY_PHASE_STRIP = NO;
				DEBUG_INFORMATION_FORMAT = dwarf;
				ENABLE_STRICT_OBJC_MSGSEND = YES;
				ENABLE_TESTABILITY = YES;
				GCC_C_LANGUAGE_STANDARD = gnu11;
				GCC_DYNAMIC_NO_PIC = NO;
				GCC_NO_COMMON_BLOCKS = YES;
				GCC_OPTIMIZATION_LEVEL = 0;
				GCC_PREPROCESSOR_DEFINITIONS = (
					"DEBUG=1",
					"$(inherited)",
				);
				GCC_WARN_64_TO_32_BIT_CONVERSION = YES;
				GCC_WARN_ABOUT_RETURN_TYPE = YES_ERROR;
				GCC_WARN_UNDECLARED_SELECTOR = YES;
				GCC_WARN_UNINITIALIZED_AUTOS = YES_AGGRESSIVE;
				GCC_WARN_UNUSED_FUNCTION = YES;
				GCC_WARN_UNUSED_VARIABLE = YES;
				IPHONEOS_DEPLOYMENT_TARGET = 11.2;
				MTL_ENABLE_DEBUG_INFO = YES;
				ONLY_ACTIVE_ARCH = YES;
				SDKROOT = iphoneos;
				SWIFT_ACTIVE_COMPILATION_CONDITIONS = DEBUG;
				SWIFT_OPTIMIZATION_LEVEL = "-Onone";
			};
			name = Debug;
		};
		2F30AA69202B3EB9005B64B9 /* Release */ = {
			isa = XCBuildConfiguration;
			buildSettings = {
				ALWAYS_SEARCH_USER_PATHS = NO;
				CLANG_ANALYZER_NONNULL = YES;
				CLANG_ANALYZER_NUMBER_OBJECT_CONVERSION = YES_AGGRESSIVE;
				CLANG_CXX_LANGUAGE_STANDARD = "gnu++14";
				CLANG_CXX_LIBRARY = "libc++";
				CLANG_ENABLE_MODULES = YES;
				CLANG_ENABLE_OBJC_ARC = YES;
				CLANG_WARN_BLOCK_CAPTURE_AUTORELEASING = YES;
				CLANG_WARN_BOOL_CONVERSION = YES;
				CLANG_WARN_COMMA = YES;
				CLANG_WARN_CONSTANT_CONVERSION = YES;
				CLANG_WARN_DIRECT_OBJC_ISA_USAGE = YES_ERROR;
				CLANG_WARN_DOCUMENTATION_COMMENTS = YES;
				CLANG_WARN_EMPTY_BODY = YES;
				CLANG_WARN_ENUM_CONVERSION = YES;
				CLANG_WARN_INFINITE_RECURSION = YES;
				CLANG_WARN_INT_CONVERSION = YES;
				CLANG_WARN_NON_LITERAL_NULL_CONVERSION = YES;
				CLANG_WARN_OBJC_LITERAL_CONVERSION = YES;
				CLANG_WARN_OBJC_ROOT_CLASS = YES_ERROR;
				CLANG_WARN_RANGE_LOOP_ANALYSIS = YES;
				CLANG_WARN_STRICT_PROTOTYPES = YES;
				CLANG_WARN_SUSPICIOUS_MOVE = YES;
				CLANG_WARN_UNGUARDED_AVAILABILITY = YES_AGGRESSIVE;
				CLANG_WARN_UNREACHABLE_CODE = YES;
				CLANG_WARN__DUPLICATE_METHOD_MATCH = YES;
				CODE_SIGN_IDENTITY = "iPhone Developer";
				COPY_PHASE_STRIP = NO;
				DEBUG_INFORMATION_FORMAT = "dwarf-with-dsym";
				ENABLE_NS_ASSERTIONS = NO;
				ENABLE_STRICT_OBJC_MSGSEND = YES;
				GCC_C_LANGUAGE_STANDARD = gnu11;
				GCC_NO_COMMON_BLOCKS = YES;
				GCC_WARN_64_TO_32_BIT_CONVERSION = YES;
				GCC_WARN_ABOUT_RETURN_TYPE = YES_ERROR;
				GCC_WARN_UNDECLARED_SELECTOR = YES;
				GCC_WARN_UNINITIALIZED_AUTOS = YES_AGGRESSIVE;
				GCC_WARN_UNUSED_FUNCTION = YES;
				GCC_WARN_UNUSED_VARIABLE = YES;
				IPHONEOS_DEPLOYMENT_TARGET = 11.2;
				MTL_ENABLE_DEBUG_INFO = NO;
				SDKROOT = iphoneos;
				SWIFT_OPTIMIZATION_LEVEL = "-Owholemodule";
				VALIDATE_PRODUCT = YES;
			};
			name = Release;
		};
		2F30AA6B202B3EB9005B64B9 /* Debug */ = {
			isa = XCBuildConfiguration;
			buildSettings = {
				ASSETCATALOG_COMPILER_APPICON_NAME = AppIcon;
				CODE_SIGN_STYLE = Automatic;
				DEVELOPMENT_TEAM = Q69U7M76JU;
				INFOPLIST_FILE = "Pitch Perfect IOS/Info.plist";
				LD_RUNPATH_SEARCH_PATHS = "$(inherited) @executable_path/Frameworks";
				PRODUCT_BUNDLE_IDENTIFIER = "rts.Pitch-Perfect-IOS";
				PRODUCT_NAME = "$(TARGET_NAME)";
				SWIFT_VERSION = 4.0;
				TARGETED_DEVICE_FAMILY = "1,2";
			};
			name = Debug;
		};
		2F30AA6C202B3EB9005B64B9 /* Release */ = {
			isa = XCBuildConfiguration;
			buildSettings = {
				ASSETCATALOG_COMPILER_APPICON_NAME = AppIcon;
				CODE_SIGN_STYLE = Automatic;
				DEVELOPMENT_TEAM = Q69U7M76JU;
				INFOPLIST_FILE = "Pitch Perfect IOS/Info.plist";
				LD_RUNPATH_SEARCH_PATHS = "$(inherited) @executable_path/Frameworks";
				PRODUCT_BUNDLE_IDENTIFIER = "rts.Pitch-Perfect-IOS";
				PRODUCT_NAME = "$(TARGET_NAME)";
				SWIFT_VERSION = 4.0;
				TARGETED_DEVICE_FAMILY = "1,2";
			};
			name = Release;
		};
/* End XCBuildConfiguration section */

/* Begin XCConfigurationList section */
		2F30AA53202B3EB8005B64B9 /* Build configuration list for PBXProject "Pitch Perfect IOS" */ = {
			isa = XCConfigurationList;
			buildConfigurations = (
				2F30AA68202B3EB9005B64B9 /* Debug */,
				2F30AA69202B3EB9005B64B9 /* Release */,
			);
			defaultConfigurationIsVisible = 0;
			defaultConfigurationName = Release;
		};
		2F30AA6A202B3EB9005B64B9 /* Build configuration list for PBXNativeTarget "Pitch Perfect IOS" */ = {
			isa = XCConfigurationList;
			buildConfigurations = (
				2F30AA6B202B3EB9005B64B9 /* Debug */,
				2F30AA6C202B3EB9005B64B9 /* Release */,
			);
			defaultConfigurationIsVisible = 0;
			defaultConfigurationName = Release;
		};
/* End XCConfigurationList section */
	};
	rootObject = 2F30AA50202B3EB8005B64B9 /* Project object */;
}
